
Microsoft Visual Studio Solution File, Format Version 12.00
# Visual Studio Version 16
VisualStudioVersion = 16.0.30320.27
MinimumVisualStudioVersion = 10.0.40219.1
Project("{2150E333-8FDC-42A3-9474-1A3956D46DE8}") = "src", "src", "{17640EED-4D96-4CB6-82BA-5E49AF008526}"
EndProject
Project("{2150E333-8FDC-42A3-9474-1A3956D46DE8}") = "Client", "Client", "{61A363D0-25F2-43A9-99A7-E3A1DCE4D949}"
EndProject
Project("{2150E333-8FDC-42A3-9474-1A3956D46DE8}") = "Server", "Server", "{ABE343E8-7832-4569-B64F-432CC6B8C47A}"
EndProject
Project("{2150E333-8FDC-42A3-9474-1A3956D46DE8}") = "Share", "Share", "{63DBDD68-F3AE-4804-8A6E-6D20C3DB1E41}"
EndProject
Project("{9A19103F-16F7-4668-BE54-9A1E7A4F7556}") = "ElectricWebApp", "src\Client\ElectricWebApp\ElectricWebApp.csproj", "{A6DD46ED-DC2D-4B7D-AFFE-61EF34DEAA96}"
EndProject
Project("{9A19103F-16F7-4668-BE54-9A1E7A4F7556}") = "Electric.API", "src\Server\Electric.API\Electric.API.csproj", "{C67DBD43-0D21-4A9E-B896-931385F5C98C}"
EndProject
Project("{9A19103F-16F7-4668-BE54-9A1E7A4F7556}") = "Electric.Application", "src\Server\Electric.Application\Electric.Application.csproj", "{3AA74406-E5B1-435A-A6D8-464714990056}"
EndProject
Project("{9A19103F-16F7-4668-BE54-9A1E7A4F7556}") = "Electric.Core", "src\Server\Electric.Core\Electric.Core.csproj", "{73446888-A8C1-4B39-919A-EF24BC9B5FC2}"
EndProject
Project("{9A19103F-16F7-4668-BE54-9A1E7A4F7556}") = "Electric.Infrastructure", "src\Server\Electric.Infrastructure\Electric.Infrastructure.csproj", "{971F664A-CD60-46F5-9A1F-5286C6FF6505}"
EndProject
Project("{9A19103F-16F7-4668-BE54-9A1E7A4F7556}") = "Electric.Test", "src\Server\Electric.Test\Electric.Test.csproj", "{F50F3313-A4FA-4FC0-82DB-2D8BA6B39080}"
EndProject
Project("{9A19103F-16F7-4668-BE54-9A1E7A4F7556}") = "CommonShare", "src\Share\CommonShare\CommonShare.csproj", "{20A3067D-DF68-41A6-AA85-7A271DC6D55C}"
EndProject
Project("{E53339B2-1760-4266-BCC7-CA923CBCF16C}") = "docker-compose", "docker-compose.dcproj", "{4FAB837F-BA89-452B-A81A-83613F17288A}"
EndProject
Global
	GlobalSection(SolutionConfigurationPlatforms) = preSolution
		Debug|Any CPU = Debug|Any CPU
		Release|Any CPU = Release|Any CPU
	EndGlobalSection
	GlobalSection(ProjectConfigurationPlatforms) = postSolution
		{A6DD46ED-DC2D-4B7D-AFFE-61EF34DEAA96}.Debug|Any CPU.ActiveCfg = Debug|Any CPU
		{A6DD46ED-DC2D-4B7D-AFFE-61EF34DEAA96}.Debug|Any CPU.Build.0 = Debug|Any CPU
		{A6DD46ED-DC2D-4B7D-AFFE-61EF34DEAA96}.Release|Any CPU.ActiveCfg = Release|Any CPU
		{A6DD46ED-DC2D-4B7D-AFFE-61EF34DEAA96}.Release|Any CPU.Build.0 = Release|Any CPU
		{C67DBD43-0D21-4A9E-B896-931385F5C98C}.Debug|Any CPU.ActiveCfg = Debug|Any CPU
		{C67DBD43-0D21-4A9E-B896-931385F5C98C}.Debug|Any CPU.Build.0 = Debug|Any CPU
		{C67DBD43-0D21-4A9E-B896-931385F5C98C}.Release|Any CPU.ActiveCfg = Release|Any CPU
		{C67DBD43-0D21-4A9E-B896-931385F5C98C}.Release|Any CPU.Build.0 = Release|Any CPU
		{3AA74406-E5B1-435A-A6D8-464714990056}.Debug|Any CPU.ActiveCfg = Debug|Any CPU
		{3AA74406-E5B1-435A-A6D8-464714990056}.Debug|Any CPU.Build.0 = Debug|Any CPU
		{3AA74406-E5B1-435A-A6D8-464714990056}.Release|Any CPU.ActiveCfg = Release|Any CPU
		{3AA74406-E5B1-435A-A6D8-464714990056}.Release|Any CPU.Build.0 = Release|Any CPU
		{73446888-A8C1-4B39-919A-EF24BC9B5FC2}.Debug|Any CPU.ActiveCfg = Debug|Any CPU
		{73446888-A8C1-4B39-919A-EF24BC9B5FC2}.Debug|Any CPU.Build.0 = Debug|Any CPU
		{73446888-A8C1-4B39-919A-EF24BC9B5FC2}.Release|Any CPU.ActiveCfg = Release|Any CPU
		{73446888-A8C1-4B39-919A-EF24BC9B5FC2}.Release|Any CPU.Build.0 = Release|Any CPU
		{971F664A-CD60-46F5-9A1F-5286C6FF6505}.Debug|Any CPU.ActiveCfg = Debug|Any CPU
		{971F664A-CD60-46F5-9A1F-5286C6FF6505}.Debug|Any CPU.Build.0 = Debug|Any CPU
		{971F664A-CD60-46F5-9A1F-5286C6FF6505}.Release|Any CPU.ActiveCfg = Release|Any CPU
		{971F664A-CD60-46F5-9A1F-5286C6FF6505}.Release|Any CPU.Build.0 = Release|Any CPU
		{F50F3313-A4FA-4FC0-82DB-2D8BA6B39080}.Debug|Any CPU.ActiveCfg = Debug|Any CPU
		{F50F3313-A4FA-4FC0-82DB-2D8BA6B39080}.Debug|Any CPU.Build.0 = Debug|Any CPU
		{F50F3313-A4FA-4FC0-82DB-2D8BA6B39080}.Release|Any CPU.ActiveCfg = Release|Any CPU
		{F50F3313-A4FA-4FC0-82DB-2D8BA6B39080}.Release|Any CPU.Build.0 = Release|Any CPU
		{20A3067D-DF68-41A6-AA85-7A271DC6D55C}.Debug|Any CPU.ActiveCfg = Debug|Any CPU
		{20A3067D-DF68-41A6-AA85-7A271DC6D55C}.Debug|Any CPU.Build.0 = Debug|Any CPU
		{20A3067D-DF68-41A6-AA85-7A271DC6D55C}.Release|Any CPU.ActiveCfg = Release|Any CPU
		{20A3067D-DF68-41A6-AA85-7A271DC6D55C}.Release|Any CPU.Build.0 = Release|Any CPU
		{4FAB837F-BA89-452B-A81A-83613F17288A}.Debug|Any CPU.ActiveCfg = Debug|Any CPU
		{4FAB837F-BA89-452B-A81A-83613F17288A}.Debug|Any CPU.Build.0 = Debug|Any CPU
		{4FAB837F-BA89-452B-A81A-83613F17288A}.Release|Any CPU.ActiveCfg = Release|Any CPU
		{4FAB837F-BA89-452B-A81A-83613F17288A}.Release|Any CPU.Build.0 = Release|Any CPU
	EndGlobalSection
	GlobalSection(SolutionProperties) = preSolution
		HideSolutionNode = FALSE
	EndGlobalSection
	GlobalSection(NestedProjects) = preSolution
		{61A363D0-25F2-43A9-99A7-E3A1DCE4D949} = {17640EED-4D96-4CB6-82BA-5E49AF008526}
		{ABE343E8-7832-4569-B64F-432CC6B8C47A} = {17640EED-4D96-4CB6-82BA-5E49AF008526}
		{63DBDD68-F3AE-4804-8A6E-6D20C3DB1E41} = {17640EED-4D96-4CB6-82BA-5E49AF008526}
		{A6DD46ED-DC2D-4B7D-AFFE-61EF34DEAA96} = {61A363D0-25F2-43A9-99A7-E3A1DCE4D949}
		{C67DBD43-0D21-4A9E-B896-931385F5C98C} = {ABE343E8-7832-4569-B64F-432CC6B8C47A}
		{3AA74406-E5B1-435A-A6D8-464714990056} = {ABE343E8-7832-4569-B64F-432CC6B8C47A}
		{73446888-A8C1-4B39-919A-EF24BC9B5FC2} = {ABE343E8-7832-4569-B64F-432CC6B8C47A}
		{971F664A-CD60-46F5-9A1F-5286C6FF6505} = {ABE343E8-7832-4569-B64F-432CC6B8C47A}
		{F50F3313-A4FA-4FC0-82DB-2D8BA6B39080} = {ABE343E8-7832-4569-B64F-432CC6B8C47A}
		{20A3067D-DF68-41A6-AA85-7A271DC6D55C} = {63DBDD68-F3AE-4804-8A6E-6D20C3DB1E41}
	EndGlobalSection
	GlobalSection(ExtensibilityGlobals) = postSolution
		SolutionGuid = {714F8315-041D-4713-9A8F-187D82A8A062}
	EndGlobalSection
EndGlobal
